{
  "requires": true,
  "lockfileVersion": 1,
  "dependencies": {
    "vue-observe-visibility": {
      "version": "0.4.3",
      "resolved": "https://registry.npmjs.org/vue-observe-visibility/-/vue-observe-visibility-0.4.3.tgz",
      "integrity": "sha512-YyyO3a5OUkgpmC0NEf+xWJR0jVdFWzVbKRDzUumOVMhfr3+jxXEycYNHCM3rEO5lcj3ZNJpDomZEYEx0Wqqh9A=="
    }
  }
}
